// !$*UTF8*$!
{
	archiveVersion = 1;
	classes = {
	};
	objectVersion = 56;
	objects = {

/* Begin PBXBuildFile section */
		61035BFFA1DF471F97C20CE8 /* AirSample.swift in Sources */ = {isa = PBXBuildFile; fileRef = B83AF9AB887D4ADDB39B45CB /* AirSample.swift */; };
		F57761DBC7064D039369D63D /* BulkSample.swift in Sources */ = {isa = PBXBuildFile; fileRef = 26A121425DF54957BA19E473 /* BulkSample.swift */; };
		F53E691580874B7284A40B9C /* Containment.swift in Sources */ = {isa = PBXBuildFile; fileRef = 841B52C28F884AD0A90ED3C4 /* Containment.swift */; };
		854D92C100B94D16A8CDB8F2 /* DailyLog.swift in Sources */ = {isa = PBXBuildFile; fileRef = EF26FD302B7A461BBDD8DAA5 /* DailyLog.swift */; };
		233E595B41CA4445B4B47E79 /* Enums.swift in Sources */ = {isa = PBXBuildFile; fileRef = C5BC665EBA5A44DD91045A9E /* Enums.swift */; };
		05C941BCCA9142569BB45D9A /* Inspector.swift in Sources */ = {isa = PBXBuildFile; fileRef = B86C04D7E189464EB6EAD611 /* Inspector.swift */; };
		AFEBA9BDA55B474E8ADA6414 /* LogEntryPhoto.swift in Sources */ = {isa = PBXBuildFile; fileRef = 8CE25B537F874B9896D16029 /* LogEntryPhoto.swift */; };
		78A10C71B97A4954BE00E208 /* Project.swift in Sources */ = {isa = PBXBuildFile; fileRef = C437C16E08964EFC8CBF6114 /* Project.swift */; };
		C7D8616F8E6D4388821EA70C /* ScannedDocument.swift in Sources */ = {isa = PBXBuildFile; fileRef = A17D5763DCB14383BCB7FE66 /* ScannedDocument.swift */; };
		E63F00570F4143FB8682FF15 /* Site.swift in Sources */ = {isa = PBXBuildFile; fileRef = AE1B3A4668C146CFA9F6EC3A /* Site.swift */; };
		CC82D621BF1141018AC119B4 /* VisualInspection.swift in Sources */ = {isa = PBXBuildFile; fileRef = 79602CE5EAC74035B0D69070 /* VisualInspection.swift */; };
		D4B1C6A3375C4289AFFD4F6E /* WipeSample.swift in Sources */ = {isa = PBXBuildFile; fileRef = 1EE9563021EE454F9E643F0E /* WipeSample.swift */; };
		74393FE9A5ED45DFBC9F05EF /* Worker.swift in Sources */ = {isa = PBXBuildFile; fileRef = E70BECA7F09347C68034FE42 /* Worker.swift */; };
		E7D114537C15411C9D827DA7 /* AirSampleFormSheet.swift in Sources */ = {isa = PBXBuildFile; fileRef = E70DF4A65CDD438F8208CBAE /* AirSampleFormSheet.swift */; };
		698565964596434AA9E9C90E /* AppearanceFormSheet.swift in Sources */ = {isa = PBXBuildFile; fileRef = 6EBA51B25BC14AB593BA1BE2 /* AppearanceFormSheet.swift */; };
		DE578FD456344840816EE976 /* BulkSampleFormSheet.swift in Sources */ = {isa = PBXBuildFile; fileRef = D19F6507CE0440EB95B9A9F7 /* BulkSampleFormSheet.swift */; };
		B3A8090EADD146BD85630520 /* ContainmentFormSheet.swift in Sources */ = {isa = PBXBuildFile; fileRef = 0D39AD3C5BB249C3B43F0D37 /* ContainmentFormSheet.swift */; };
		66787FC71C92422EB8D63009 /* CopyWorkersSheet.swift in Sources */ = {isa = PBXBuildFile; fileRef = 16742188EC6D4C28ADC9E065 /* CopyWorkersSheet.swift */; };
		D493B7D8D0D54D09ADCCA47E /* DailyLogFormSheet.swift in Sources */ = {isa = PBXBuildFile; fileRef = 786AFD7717D24ADDA112919E /* DailyLogFormSheet.swift */; };
		AFC13AE8B8C849B5A763C86E /* DefaultTemplatesSheet.swift in Sources */ = {isa = PBXBuildFile; fileRef = 3DD6FE1286834FA0BE3496DF /* DefaultTemplatesSheet.swift */; };
		7467B053A7944AD0A429D856 /* DocumentScannerSheet.swift in Sources */ = {isa = PBXBuildFile; fileRef = 5D695886FF684CB08BD9D503 /* DocumentScannerSheet.swift */; };
		062C4D57DFCB4607B56BDB94 /* EditMaterialByNameSheet.swift in Sources */ = {isa = PBXBuildFile; fileRef = 48166E16E3054260912D2A90 /* EditMaterialByNameSheet.swift */; };
		6DADAE8D25FB4B76A6F565DB /* ExcelExportSheet.swift in Sources */ = {isa = PBXBuildFile; fileRef = 79415A65D1FD4858A4617379 /* ExcelExportSheet.swift */; };
		7175A03758CA4029B392E503 /* ExcelImportSheet.swift in Sources */ = {isa = PBXBuildFile; fileRef = 0DB88A2DDCF746F59454193A /* ExcelImportSheet.swift */; };
		3907F7F3FD3345939DF84C6E /* GatedStageChangeSheet.swift in Sources */ = {isa = PBXBuildFile; fileRef = 317D00F5F62444E2AC66461D /* GatedStageChangeSheet.swift */; };
		CA34DD7870484CD3AD70047D /* InfoSheet.swift in Sources */ = {isa = PBXBuildFile; fileRef = 86AF08F256C044B5BD5B4474 /* InfoSheet.swift */; };
		448BBBC6224242E081043596 /* InspectorFormSheet.swift in Sources */ = {isa = PBXBuildFile; fileRef = 145C24FAC6144623ADCA951B /* InspectorFormSheet.swift */; };
		F3CF113C68D24F5AA0F97DD1 /* InspectorQRScanSheet.swift in Sources */ = {isa = PBXBuildFile; fileRef = 1A8A6D861EBC4BEB8CC73C86 /* InspectorQRScanSheet.swift */; };
		C282153B17B747E48AAC2FFB /* LogEntryFormSheet.swift in Sources */ = {isa = PBXBuildFile; fileRef = 22127392268444A096DD5AF2 /* LogEntryFormSheet.swift */; };
		D97E742CA2334CAC8D858628 /* MaterialFormSheet.swift in Sources */ = {isa = PBXBuildFile; fileRef = B6D59029E2E9443F90AE73E4 /* MaterialFormSheet.swift */; };
		33E93AE8054B46DBB69CBDDE /* ProjectFormSheet.swift in Sources */ = {isa = PBXBuildFile; fileRef = 765D2ABC88D54E119323BD5A /* ProjectFormSheet.swift */; };
		BEE623711A4748EABB5DC628 /* SheetScaffold.swift in Sources */ = {isa = PBXBuildFile; fileRef = 5CE01CA00CFA4F58BF23084C /* SheetScaffold.swift */; };
		7947FAA1BB5E4CFFB89F5EF4 /* SignatureFormSheet.swift in Sources */ = {isa = PBXBuildFile; fileRef = 240259A29E87423FB9CA6023 /* SignatureFormSheet.swift */; };
		67FD51F752CF4D989F9DD937 /* SpaceFormSheet.swift in Sources */ = {isa = PBXBuildFile; fileRef = 7D6A1FBAAE024F2BB01CA994 /* SpaceFormSheet.swift */; };
		0271E3371A8E4DD5AEEB67D5 /* VisualInspectionFormSheet.swift in Sources */ = {isa = PBXBuildFile; fileRef = D670292066F74415AEDBF784 /* VisualInspectionFormSheet.swift */; };
		E6D7F951FD744234972A589B /* WipeSampleFormSheet.swift in Sources */ = {isa = PBXBuildFile; fileRef = E145EE022E0E488EB6F7742D /* WipeSampleFormSheet.swift */; };
		07A1696EE0F1463FB7625AA5 /* WorkerFormSheet.swift in Sources */ = {isa = PBXBuildFile; fileRef = DB4DCC492D554FE796F56191 /* WorkerFormSheet.swift */; };
		91C34629C5E14FD79B961644 /* AppState.swift in Sources */ = {isa = PBXBuildFile; fileRef = 1BAEEF0952534AE3AC9FDFEE /* AppState.swift */; };
		EA2EB5FBEA184B2F8DB780C9 /* CameraPickerView.swift in Sources */ = {isa = PBXBuildFile; fileRef = B0E376BE3C4D44B9BD7F9A05 /* CameraPickerView.swift */; };
		DF24E9705BF54FE8BDDF61FD /* DocxKit.swift in Sources */ = {isa = PBXBuildFile; fileRef = F8F1471C1D694E91BFAD6A21 /* DocxKit.swift */; };
		47CEB8C511EF490A9E055DFD /* Formatting.swift in Sources */ = {isa = PBXBuildFile; fileRef = D35E6F613A0C4E5885F16084 /* Formatting.swift */; };
		5C19FB6903334529AB9DE9B3 /* Insights.swift in Sources */ = {isa = PBXBuildFile; fileRef = FEE71CAB104E412E9F21E136 /* Insights.swift */; };
		156EB111E1254EB48D6ABA28 /* PlatformCompat.swift in Sources */ = {isa = PBXBuildFile; fileRef = 385D3163F4144416AD845196 /* PlatformCompat.swift */; };
		7B8D2845A5EC46129CB02B57 /* SeedData.swift in Sources */ = {isa = PBXBuildFile; fileRef = 6327E6EF4EF34756921D667D /* SeedData.swift */; };
		2859FD9819DA4BF0BE178AEE /* XLSXKit.swift in Sources */ = {isa = PBXBuildFile; fileRef = 0710436EA8EC4880BDE44671 /* XLSXKit.swift */; };
		E8165B563C5D4D16BF054C6A /* Components.swift in Sources */ = {isa = PBXBuildFile; fileRef = 7784F96E76EE4AFCBFE37ADB /* Components.swift */; };
		C11885D0940C43DFB0B57D52 /* AirSamplesView.swift in Sources */ = {isa = PBXBuildFile; fileRef = 22C0D14D56004C348BADDCD6 /* AirSamplesView.swift */; };
		CC69C094670A45EAAB66B9DB /* ArchiveView.swift in Sources */ = {isa = PBXBuildFile; fileRef = DEEA3140A29745A5A86EE93E /* ArchiveView.swift */; };
		085BA08806B44BE8B6AA7BB9 /* ContainmentsView.swift in Sources */ = {isa = PBXBuildFile; fileRef = 9E5A14FD025A435EBF3EAE2D /* ContainmentsView.swift */; };
		A2D20B7C7A0249588E2145DE /* DailyLogsView.swift in Sources */ = {isa = PBXBuildFile; fileRef = E95258CDF3DC4EA0A2751409 /* DailyLogsView.swift */; };
		7D00D5E1BCC94290921553CE /* DocumentsView.swift in Sources */ = {isa = PBXBuildFile; fileRef = 8C92C8A4350C4A66937A1CBF /* DocumentsView.swift */; };
		9B002BDC27B943A882148CF7 /* MaterialsView.swift in Sources */ = {isa = PBXBuildFile; fileRef = 26EF9EEA7F594FF781529EDE /* MaterialsView.swift */; };
		FD6BBDBAF2F94754B3779BD0 /* ProfileView.swift in Sources */ = {isa = PBXBuildFile; fileRef = 7618C4B5E9D14F7DBA0C50D3 /* ProfileView.swift */; };
		8D27A4F089414B7BA4CB17AA /* ProjectDetailView.swift in Sources */ = {isa = PBXBuildFile; fileRef = EF42D3955F8D460AB7D6F0E7 /* ProjectDetailView.swift */; };
		31C9C0DEFC50494B97F67CD4 /* ProjectsListView.swift in Sources */ = {isa = PBXBuildFile; fileRef = B2DD32F8B970471CBCA726D7 /* ProjectsListView.swift */; };
		C55A75DACFC144F6B7431F02 /* RootView.swift in Sources */ = {isa = PBXBuildFile; fileRef = BD992AE54A7D4B168108081E /* RootView.swift */; };
		447F886099DE4F8A8DED1683 /* SamplesView.swift in Sources */ = {isa = PBXBuildFile; fileRef = 8AB8E82609B747BEA5D2BD58 /* SamplesView.swift */; };
		75078796C51E4859B45FDEF3 /* TeamView.swift in Sources */ = {isa = PBXBuildFile; fileRef = BAE5C558AFB24B2BAC56606F /* TeamView.swift */; };
		A0DDFBAC195A4562B875F095 /* TodayView.swift in Sources */ = {isa = PBXBuildFile; fileRef = 9FC802122D7A46F5B1C94C36 /* TodayView.swift */; };
		B0DECC9DA1F6471F88A2D6DA /* OversightApp.swift in Sources */ = {isa = PBXBuildFile; fileRef = 0208FDCA2A7146B2A490C3FD /* OversightApp.swift */; };
		5D3BBA43153E4C989B205A21 /* Assets.xcassets in Resources */ = {isa = PBXBuildFile; fileRef = 862E55359AE1468899EB3A1D /* Assets.xcassets */; };
/* End PBXBuildFile section */

/* Begin PBXFileReference section */
		2799A64877FF4564956FC808 /* Oversight.app */ = {isa = PBXFileReference; explicitFileType = wrapper.application; includeInIndex = 0; path = Oversight.app; sourceTree = BUILT_PRODUCTS_DIR; };
		862E55359AE1468899EB3A1D /* Assets.xcassets */ = {isa = PBXFileReference; lastKnownFileType = folder.assetcatalog; path = "Assets.xcassets"; sourceTree = "<group>"; };
		B83AF9AB887D4ADDB39B45CB /* AirSample.swift */ = {isa = PBXFileReference; lastKnownFileType = sourcecode.swift; path = "AirSample.swift"; sourceTree = "<group>"; };
		26A121425DF54957BA19E473 /* BulkSample.swift */ = {isa = PBXFileReference; lastKnownFileType = sourcecode.swift; path = "BulkSample.swift"; sourceTree = "<group>"; };
		841B52C28F884AD0A90ED3C4 /* Containment.swift */ = {isa = PBXFileReference; lastKnownFileType = sourcecode.swift; path = "Containment.swift"; sourceTree = "<group>"; };
		EF26FD302B7A461BBDD8DAA5 /* DailyLog.swift */ = {isa = PBXFileReference; lastKnownFileType = sourcecode.swift; path = "DailyLog.swift"; sourceTree = "<group>"; };
		C5BC665EBA5A44DD91045A9E /* Enums.swift */ = {isa = PBXFileReference; lastKnownFileType = sourcecode.swift; path = "Enums.swift"; sourceTree = "<group>"; };
		B86C04D7E189464EB6EAD611 /* Inspector.swift */ = {isa = PBXFileReference; lastKnownFileType = sourcecode.swift; path = "Inspector.swift"; sourceTree = "<group>"; };
		8CE25B537F874B9896D16029 /* LogEntryPhoto.swift */ = {isa = PBXFileReference; lastKnownFileType = sourcecode.swift; path = "LogEntryPhoto.swift"; sourceTree = "<group>"; };
		C437C16E08964EFC8CBF6114 /* Project.swift */ = {isa = PBXFileReference; lastKnownFileType = sourcecode.swift; path = "Project.swift"; sourceTree = "<group>"; };
		A17D5763DCB14383BCB7FE66 /* ScannedDocument.swift */ = {isa = PBXFileReference; lastKnownFileType = sourcecode.swift; path = "ScannedDocument.swift"; sourceTree = "<group>"; };
		AE1B3A4668C146CFA9F6EC3A /* Site.swift */ = {isa = PBXFileReference; lastKnownFileType = sourcecode.swift; path = "Site.swift"; sourceTree = "<group>"; };
		79602CE5EAC74035B0D69070 /* VisualInspection.swift */ = {isa = PBXFileReference; lastKnownFileType = sourcecode.swift; path = "VisualInspection.swift"; sourceTree = "<group>"; };
		1EE9563021EE454F9E643F0E /* WipeSample.swift */ = {isa = PBXFileReference; lastKnownFileType = sourcecode.swift; path = "WipeSample.swift"; sourceTree = "<group>"; };
		E70BECA7F09347C68034FE42 /* Worker.swift */ = {isa = PBXFileReference; lastKnownFileType = sourcecode.swift; path = "Worker.swift"; sourceTree = "<group>"; };
		E70DF4A65CDD438F8208CBAE /* AirSampleFormSheet.swift */ = {isa = PBXFileReference; lastKnownFileType = sourcecode.swift; path = "AirSampleFormSheet.swift"; sourceTree = "<group>"; };
		6EBA51B25BC14AB593BA1BE2 /* AppearanceFormSheet.swift */ = {isa = PBXFileReference; lastKnownFileType = sourcecode.swift; path = "AppearanceFormSheet.swift"; sourceTree = "<group>"; };
		D19F6507CE0440EB95B9A9F7 /* BulkSampleFormSheet.swift */ = {isa = PBXFileReference; lastKnownFileType = sourcecode.swift; path = "BulkSampleFormSheet.swift"; sourceTree = "<group>"; };
		0D39AD3C5BB249C3B43F0D37 /* ContainmentFormSheet.swift */ = {isa = PBXFileReference; lastKnownFileType = sourcecode.swift; path = "ContainmentFormSheet.swift"; sourceTree = "<group>"; };
		16742188EC6D4C28ADC9E065 /* CopyWorkersSheet.swift */ = {isa = PBXFileReference; lastKnownFileType = sourcecode.swift; path = "CopyWorkersSheet.swift"; sourceTree = "<group>"; };
		786AFD7717D24ADDA112919E /* DailyLogFormSheet.swift */ = {isa = PBXFileReference; lastKnownFileType = sourcecode.swift; path = "DailyLogFormSheet.swift"; sourceTree = "<group>"; };
		3DD6FE1286834FA0BE3496DF /* DefaultTemplatesSheet.swift */ = {isa = PBXFileReference; lastKnownFileType = sourcecode.swift; path = "DefaultTemplatesSheet.swift"; sourceTree = "<group>"; };
		5D695886FF684CB08BD9D503 /* DocumentScannerSheet.swift */ = {isa = PBXFileReference; lastKnownFileType = sourcecode.swift; path = "DocumentScannerSheet.swift"; sourceTree = "<group>"; };
		48166E16E3054260912D2A90 /* EditMaterialByNameSheet.swift */ = {isa = PBXFileReference; lastKnownFileType = sourcecode.swift; path = "EditMaterialByNameSheet.swift"; sourceTree = "<group>"; };
		79415A65D1FD4858A4617379 /* ExcelExportSheet.swift */ = {isa = PBXFileReference; lastKnownFileType = sourcecode.swift; path = "ExcelExportSheet.swift"; sourceTree = "<group>"; };
		0DB88A2DDCF746F59454193A /* ExcelImportSheet.swift */ = {isa = PBXFileReference; lastKnownFileType = sourcecode.swift; path = "ExcelImportSheet.swift"; sourceTree = "<group>"; };
		317D00F5F62444E2AC66461D /* GatedStageChangeSheet.swift */ = {isa = PBXFileReference; lastKnownFileType = sourcecode.swift; path = "GatedStageChangeSheet.swift"; sourceTree = "<group>"; };
		86AF08F256C044B5BD5B4474 /* InfoSheet.swift */ = {isa = PBXFileReference; lastKnownFileType = sourcecode.swift; path = "InfoSheet.swift"; sourceTree = "<group>"; };
		145C24FAC6144623ADCA951B /* InspectorFormSheet.swift */ = {isa = PBXFileReference; lastKnownFileType = sourcecode.swift; path = "InspectorFormSheet.swift"; sourceTree = "<group>"; };
		1A8A6D861EBC4BEB8CC73C86 /* InspectorQRScanSheet.swift */ = {isa = PBXFileReference; lastKnownFileType = sourcecode.swift; path = "InspectorQRScanSheet.swift"; sourceTree = "<group>"; };
		22127392268444A096DD5AF2 /* LogEntryFormSheet.swift */ = {isa = PBXFileReference; lastKnownFileType = sourcecode.swift; path = "LogEntryFormSheet.swift"; sourceTree = "<group>"; };
		B6D59029E2E9443F90AE73E4 /* MaterialFormSheet.swift */ = {isa = PBXFileReference; lastKnownFileType = sourcecode.swift; path = "MaterialFormSheet.swift"; sourceTree = "<group>"; };
		765D2ABC88D54E119323BD5A /* ProjectFormSheet.swift */ = {isa = PBXFileReference; lastKnownFileType = sourcecode.swift; path = "ProjectFormSheet.swift"; sourceTree = "<group>"; };
		5CE01CA00CFA4F58BF23084C /* SheetScaffold.swift */ = {isa = PBXFileReference; lastKnownFileType = sourcecode.swift; path = "SheetScaffold.swift"; sourceTree = "<group>"; };
		240259A29E87423FB9CA6023 /* SignatureFormSheet.swift */ = {isa = PBXFileReference; lastKnownFileType = sourcecode.swift; path = "SignatureFormSheet.swift"; sourceTree = "<group>"; };
		7D6A1FBAAE024F2BB01CA994 /* SpaceFormSheet.swift */ = {isa = PBXFileReference; lastKnownFileType = sourcecode.swift; path = "SpaceFormSheet.swift"; sourceTree = "<group>"; };
		D670292066F74415AEDBF784 /* VisualInspectionFormSheet.swift */ = {isa = PBXFileReference; lastKnownFileType = sourcecode.swift; path = "VisualInspectionFormSheet.swift"; sourceTree = "<group>"; };
		E145EE022E0E488EB6F7742D /* WipeSampleFormSheet.swift */ = {isa = PBXFileReference; lastKnownFileType = sourcecode.swift; path = "WipeSampleFormSheet.swift"; sourceTree = "<group>"; };
		DB4DCC492D554FE796F56191 /* WorkerFormSheet.swift */ = {isa = PBXFileReference; lastKnownFileType = sourcecode.swift; path = "WorkerFormSheet.swift"; sourceTree = "<group>"; };
		1BAEEF0952534AE3AC9FDFEE /* AppState.swift */ = {isa = PBXFileReference; lastKnownFileType = sourcecode.swift; path = "AppState.swift"; sourceTree = "<group>"; };
		B0E376BE3C4D44B9BD7F9A05 /* CameraPickerView.swift */ = {isa = PBXFileReference; lastKnownFileType = sourcecode.swift; path = "CameraPickerView.swift"; sourceTree = "<group>"; };
		F8F1471C1D694E91BFAD6A21 /* DocxKit.swift */ = {isa = PBXFileReference; lastKnownFileType = sourcecode.swift; path = "DocxKit.swift"; sourceTree = "<group>"; };
		D35E6F613A0C4E5885F16084 /* Formatting.swift */ = {isa = PBXFileReference; lastKnownFileType = sourcecode.swift; path = "Formatting.swift"; sourceTree = "<group>"; };
		FEE71CAB104E412E9F21E136 /* Insights.swift */ = {isa = PBXFileReference; lastKnownFileType = sourcecode.swift; path = "Insights.swift"; sourceTree = "<group>"; };
		385D3163F4144416AD845196 /* PlatformCompat.swift */ = {isa = PBXFileReference; lastKnownFileType = sourcecode.swift; path = "PlatformCompat.swift"; sourceTree = "<group>"; };
		6327E6EF4EF34756921D667D /* SeedData.swift */ = {isa = PBXFileReference; lastKnownFileType = sourcecode.swift; path = "SeedData.swift"; sourceTree = "<group>"; };
		0710436EA8EC4880BDE44671 /* XLSXKit.swift */ = {isa = PBXFileReference; lastKnownFileType = sourcecode.swift; path = "XLSXKit.swift"; sourceTree = "<group>"; };
		7784F96E76EE4AFCBFE37ADB /* Components.swift */ = {isa = PBXFileReference; lastKnownFileType = sourcecode.swift; path = "Components.swift"; sourceTree = "<group>"; };
		22C0D14D56004C348BADDCD6 /* AirSamplesView.swift */ = {isa = PBXFileReference; lastKnownFileType = sourcecode.swift; path = "AirSamplesView.swift"; sourceTree = "<group>"; };
		DEEA3140A29745A5A86EE93E /* ArchiveView.swift */ = {isa = PBXFileReference; lastKnownFileType = sourcecode.swift; path = "ArchiveView.swift"; sourceTree = "<group>"; };
		9E5A14FD025A435EBF3EAE2D /* ContainmentsView.swift */ = {isa = PBXFileReference; lastKnownFileType = sourcecode.swift; path = "ContainmentsView.swift"; sourceTree = "<group>"; };
		E95258CDF3DC4EA0A2751409 /* DailyLogsView.swift */ = {isa = PBXFileReference; lastKnownFileType = sourcecode.swift; path = "DailyLogsView.swift"; sourceTree = "<group>"; };
		8C92C8A4350C4A66937A1CBF /* DocumentsView.swift */ = {isa = PBXFileReference; lastKnownFileType = sourcecode.swift; path = "DocumentsView.swift"; sourceTree = "<group>"; };
		26EF9EEA7F594FF781529EDE /* MaterialsView.swift */ = {isa = PBXFileReference; lastKnownFileType = sourcecode.swift; path = "MaterialsView.swift"; sourceTree = "<group>"; };
		7618C4B5E9D14F7DBA0C50D3 /* ProfileView.swift */ = {isa = PBXFileReference; lastKnownFileType = sourcecode.swift; path = "ProfileView.swift"; sourceTree = "<group>"; };
		EF42D3955F8D460AB7D6F0E7 /* ProjectDetailView.swift */ = {isa = PBXFileReference; lastKnownFileType = sourcecode.swift; path = "ProjectDetailView.swift"; sourceTree = "<group>"; };
		B2DD32F8B970471CBCA726D7 /* ProjectsListView.swift */ = {isa = PBXFileReference; lastKnownFileType = sourcecode.swift; path = "ProjectsListView.swift"; sourceTree = "<group>"; };
		BD992AE54A7D4B168108081E /* RootView.swift */ = {isa = PBXFileReference; lastKnownFileType = sourcecode.swift; path = "RootView.swift"; sourceTree = "<group>"; };
		8AB8E82609B747BEA5D2BD58 /* SamplesView.swift */ = {isa = PBXFileReference; lastKnownFileType = sourcecode.swift; path = "SamplesView.swift"; sourceTree = "<group>"; };
		BAE5C558AFB24B2BAC56606F /* TeamView.swift */ = {isa = PBXFileReference; lastKnownFileType = sourcecode.swift; path = "TeamView.swift"; sourceTree = "<group>"; };
		9FC802122D7A46F5B1C94C36 /* TodayView.swift */ = {isa = PBXFileReference; lastKnownFileType = sourcecode.swift; path = "TodayView.swift"; sourceTree = "<group>"; };
		0208FDCA2A7146B2A490C3FD /* OversightApp.swift */ = {isa = PBXFileReference; lastKnownFileType = sourcecode.swift; path = "OversightApp.swift"; sourceTree = "<group>"; };
/* End PBXFileReference section */

/* Begin PBXFrameworksBuildPhase section */
		4D5AFDFE39B64467A8390C7C /* Frameworks */ = {
			isa = PBXFrameworksBuildPhase;
			buildActionMask = 2147483647;
			files = (
			);
			runOnlyForDeploymentPostprocessing = 0;
		};
/* End PBXFrameworksBuildPhase section */

/* Begin PBXGroup section */
		6B14EAE465484755A7DB2A5D /* Products */ = {
			isa = PBXGroup;
			children = (
				2799A64877FF4564956FC808 /* Oversight.app */,
			);
			name = Products;
			sourceTree = "<group>";
		};
		6E1F07FFE6EA442A8424EF99 /* Models */ = {
			isa = PBXGroup;
			children = (
				B83AF9AB887D4ADDB39B45CB,
				26A121425DF54957BA19E473,
				841B52C28F884AD0A90ED3C4,
				EF26FD302B7A461BBDD8DAA5,
				C5BC665EBA5A44DD91045A9E,
				B86C04D7E189464EB6EAD611,
				8CE25B537F874B9896D16029,
				C437C16E08964EFC8CBF6114,
				A17D5763DCB14383BCB7FE66,
				AE1B3A4668C146CFA9F6EC3A,
				79602CE5EAC74035B0D69070,
				1EE9563021EE454F9E643F0E,
				E70BECA7F09347C68034FE42,
			);
			path = "Models";
			sourceTree = "<group>";
		};
		1ADB7D9DEB7A489C989CB204 /* Sheets */ = {
			isa = PBXGroup;
			children = (
				E70DF4A65CDD438F8208CBAE,
				6EBA51B25BC14AB593BA1BE2,
				D19F6507CE0440EB95B9A9F7,
				0D39AD3C5BB249C3B43F0D37,
				16742188EC6D4C28ADC9E065,
				786AFD7717D24ADDA112919E,
				3DD6FE1286834FA0BE3496DF,
				5D695886FF684CB08BD9D503,
				48166E16E3054260912D2A90,
				79415A65D1FD4858A4617379,
				0DB88A2DDCF746F59454193A,
				317D00F5F62444E2AC66461D,
				86AF08F256C044B5BD5B4474,
				145C24FAC6144623ADCA951B,
				1A8A6D861EBC4BEB8CC73C86,
				22127392268444A096DD5AF2,
				B6D59029E2E9443F90AE73E4,
				765D2ABC88D54E119323BD5A,
				5CE01CA00CFA4F58BF23084C,
				240259A29E87423FB9CA6023,
				7D6A1FBAAE024F2BB01CA994,
				D670292066F74415AEDBF784,
				E145EE022E0E488EB6F7742D,
				DB4DCC492D554FE796F56191,
			);
			path = "Sheets";
			sourceTree = "<group>";
		};
		772B6BB54E5C4244BBE853DD /* Support */ = {
			isa = PBXGroup;
			children = (
				1BAEEF0952534AE3AC9FDFEE,
				B0E376BE3C4D44B9BD7F9A05,
				F8F1471C1D694E91BFAD6A21,
				D35E6F613A0C4E5885F16084,
				FEE71CAB104E412E9F21E136,
				385D3163F4144416AD845196,
				6327E6EF4EF34756921D667D,
				0710436EA8EC4880BDE44671,
			);
			path = "Support";
			sourceTree = "<group>";
		};
		90054C51FA7A4D45B602B557 /* Components */ = {
			isa = PBXGroup;
			children = (
				7784F96E76EE4AFCBFE37ADB,
			);
			path = "Components";
			sourceTree = "<group>";
		};
		FB1C5C27466E4D0D8F0F8801 /* Views */ = {
			isa = PBXGroup;
			children = (
				90054C51FA7A4D45B602B557,
				22C0D14D56004C348BADDCD6,
				DEEA3140A29745A5A86EE93E,
				9E5A14FD025A435EBF3EAE2D,
				E95258CDF3DC4EA0A2751409,
				8C92C8A4350C4A66937A1CBF,
				26EF9EEA7F594FF781529EDE,
				7618C4B5E9D14F7DBA0C50D3,
				EF42D3955F8D460AB7D6F0E7,
				B2DD32F8B970471CBCA726D7,
				BD992AE54A7D4B168108081E,
				8AB8E82609B747BEA5D2BD58,
				BAE5C558AFB24B2BAC56606F,
				9FC802122D7A46F5B1C94C36,
			);
			path = "Views";
			sourceTree = "<group>";
		};
		B65B7C1F4FE64A768CFE5249 /* Oversight */ = {
			isa = PBXGroup;
			children = (
				862E55359AE1468899EB3A1D,
				6E1F07FFE6EA442A8424EF99,
				1ADB7D9DEB7A489C989CB204,
				772B6BB54E5C4244BBE853DD,
				FB1C5C27466E4D0D8F0F8801,
				0208FDCA2A7146B2A490C3FD,
			);
			path = "Oversight";
			sourceTree = "<group>";
		};
		841771ABDDE243699B030DB4 = {
			isa = PBXGroup;
			children = (
				B65B7C1F4FE64A768CFE5249 /* Oversight */,
				6B14EAE465484755A7DB2A5D /* Products */,
			);
			sourceTree = "<group>";
		};
/* End PBXGroup section */

/* Begin PBXNativeTarget section */
		4201E3D122304D4193009E04 /* Oversight */ = {
			isa = PBXNativeTarget;
			buildConfigurationList = 3D81A43B1052457198EDC92C /* Build configuration list for PBXNativeTarget "Oversight" */;
			buildPhases = (
				F34337B16E154C8E8A1A3D4C /* Sources */,
				4D5AFDFE39B64467A8390C7C /* Frameworks */,
				C2594A0E8622484A92FDB93F /* Resources */,
			);
			buildRules = (
			);
			dependencies = (
			);
			name = Oversight;
			productName = Oversight;
			productReference = 2799A64877FF4564956FC808 /* Oversight.app */;
			productType = "com.apple.product-type.application";
		};
/* End PBXNativeTarget section */

/* Begin PBXProject section */
		E21CDF44A81A4D2384DEF11B /* Project object */ = {
			isa = PBXProject;
			attributes = {
				BuildIndependentTargetsInParallel = 1;
				LastSwiftUpdateCheck = 1600;
				LastUpgradeCheck = 1600;
				TargetAttributes = {
					4201E3D122304D4193009E04 = {
						CreatedOnToolsVersion = 16.0;
					};
				};
			};
			buildConfigurationList = 09DA409B702E470F91BBC28D /* Build configuration list for PBXProject "Oversight" */;
			compatibilityVersion = "Xcode 14.0";
			developmentRegion = en;
			hasScannedForEncodings = 0;
			knownRegions = (
				en,
				Base,
			);
			mainGroup = 841771ABDDE243699B030DB4;
			productRefGroup = 6B14EAE465484755A7DB2A5D /* Products */;
			projectDirPath = "";
			projectRoot = "";
			targets = (
				4201E3D122304D4193009E04 /* Oversight */,
			);
		};
/* End PBXProject section */

/* Begin PBXResourcesBuildPhase section */
		C2594A0E8622484A92FDB93F /* Resources */ = {
			isa = PBXResourcesBuildPhase;
			buildActionMask = 2147483647;
			files = (
				5D3BBA43153E4C989B205A21 /* Assets.xcassets in Resources */,
			);
			runOnlyForDeploymentPostprocessing = 0;
		};
/* End PBXResourcesBuildPhase section */

/* Begin PBXSourcesBuildPhase section */
		F34337B16E154C8E8A1A3D4C /* Sources */ = {
			isa = PBXSourcesBuildPhase;
			buildActionMask = 2147483647;
			files = (
				61035BFFA1DF471F97C20CE8 /* AirSample.swift in Sources */,
				F57761DBC7064D039369D63D /* BulkSample.swift in Sources */,
				F53E691580874B7284A40B9C /* Containment.swift in Sources */,
				854D92C100B94D16A8CDB8F2 /* DailyLog.swift in Sources */,
				233E595B41CA4445B4B47E79 /* Enums.swift in Sources */,
				05C941BCCA9142569BB45D9A /* Inspector.swift in Sources */,
				AFEBA9BDA55B474E8ADA6414 /* LogEntryPhoto.swift in Sources */,
				78A10C71B97A4954BE00E208 /* Project.swift in Sources */,
				C7D8616F8E6D4388821EA70C /* ScannedDocument.swift in Sources */,
				E63F00570F4143FB8682FF15 /* Site.swift in Sources */,
				CC82D621BF1141018AC119B4 /* VisualInspection.swift in Sources */,
				D4B1C6A3375C4289AFFD4F6E /* WipeSample.swift in Sources */,
				74393FE9A5ED45DFBC9F05EF /* Worker.swift in Sources */,
				E7D114537C15411C9D827DA7 /* AirSampleFormSheet.swift in Sources */,
				698565964596434AA9E9C90E /* AppearanceFormSheet.swift in Sources */,
				DE578FD456344840816EE976 /* BulkSampleFormSheet.swift in Sources */,
				B3A8090EADD146BD85630520 /* ContainmentFormSheet.swift in Sources */,
				66787FC71C92422EB8D63009 /* CopyWorkersSheet.swift in Sources */,
				D493B7D8D0D54D09ADCCA47E /* DailyLogFormSheet.swift in Sources */,
				AFC13AE8B8C849B5A763C86E /* DefaultTemplatesSheet.swift in Sources */,
				7467B053A7944AD0A429D856 /* DocumentScannerSheet.swift in Sources */,
				062C4D57DFCB4607B56BDB94 /* EditMaterialByNameSheet.swift in Sources */,
				6DADAE8D25FB4B76A6F565DB /* ExcelExportSheet.swift in Sources */,
				7175A03758CA4029B392E503 /* ExcelImportSheet.swift in Sources */,
				3907F7F3FD3345939DF84C6E /* GatedStageChangeSheet.swift in Sources */,
				CA34DD7870484CD3AD70047D /* InfoSheet.swift in Sources */,
				448BBBC6224242E081043596 /* InspectorFormSheet.swift in Sources */,
				F3CF113C68D24F5AA0F97DD1 /* InspectorQRScanSheet.swift in Sources */,
				C282153B17B747E48AAC2FFB /* LogEntryFormSheet.swift in Sources */,
				D97E742CA2334CAC8D858628 /* MaterialFormSheet.swift in Sources */,
				33E93AE8054B46DBB69CBDDE /* ProjectFormSheet.swift in Sources */,
				BEE623711A4748EABB5DC628 /* SheetScaffold.swift in Sources */,
				7947FAA1BB5E4CFFB89F5EF4 /* SignatureFormSheet.swift in Sources */,
				67FD51F752CF4D989F9DD937 /* SpaceFormSheet.swift in Sources */,
				0271E3371A8E4DD5AEEB67D5 /* VisualInspectionFormSheet.swift in Sources */,
				E6D7F951FD744234972A589B /* WipeSampleFormSheet.swift in Sources */,
				07A1696EE0F1463FB7625AA5 /* WorkerFormSheet.swift in Sources */,
				91C34629C5E14FD79B961644 /* AppState.swift in Sources */,
				EA2EB5FBEA184B2F8DB780C9 /* CameraPickerView.swift in Sources */,
				DF24E9705BF54FE8BDDF61FD /* DocxKit.swift in Sources */,
				47CEB8C511EF490A9E055DFD /* Formatting.swift in Sources */,
				5C19FB6903334529AB9DE9B3 /* Insights.swift in Sources */,
				156EB111E1254EB48D6ABA28 /* PlatformCompat.swift in Sources */,
				7B8D2845A5EC46129CB02B57 /* SeedData.swift in Sources */,
				2859FD9819DA4BF0BE178AEE /* XLSXKit.swift in Sources */,
				E8165B563C5D4D16BF054C6A /* Components.swift in Sources */,
				C11885D0940C43DFB0B57D52 /* AirSamplesView.swift in Sources */,
				CC69C094670A45EAAB66B9DB /* ArchiveView.swift in Sources */,
				085BA08806B44BE8B6AA7BB9 /* ContainmentsView.swift in Sources */,
				A2D20B7C7A0249588E2145DE /* DailyLogsView.swift in Sources */,
				7D00D5E1BCC94290921553CE /* DocumentsView.swift in Sources */,
				9B002BDC27B943A882148CF7 /* MaterialsView.swift in Sources */,
				FD6BBDBAF2F94754B3779BD0 /* ProfileView.swift in Sources */,
				8D27A4F089414B7BA4CB17AA /* ProjectDetailView.swift in Sources */,
				31C9C0DEFC50494B97F67CD4 /* ProjectsListView.swift in Sources */,
				C55A75DACFC144F6B7431F02 /* RootView.swift in Sources */,
				447F886099DE4F8A8DED1683 /* SamplesView.swift in Sources */,
				75078796C51E4859B45FDEF3 /* TeamView.swift in Sources */,
				A0DDFBAC195A4562B875F095 /* TodayView.swift in Sources */,
				B0DECC9DA1F6471F88A2D6DA /* OversightApp.swift in Sources */,
			);
			runOnlyForDeploymentPostprocessing = 0;
		};
/* End PBXSourcesBuildPhase section */

/* Begin XCBuildConfiguration section */
		2D7B51E9BB8E407E818E44CF /* Debug */ = {
			isa = XCBuildConfiguration;
			buildSettings = {

				ALWAYS_SEARCH_USER_PATHS = NO;
				ASSETCATALOG_COMPILER_APPICON_NAME = AppIcon;
				ASSETCATALOG_COMPILER_GLOBAL_ACCENT_COLOR_NAME = AccentColor;
				CLANG_ANALYZER_NONNULL = YES;
				CLANG_ANALYZER_NUMBER_OBJECT_CONVERSION = YES_AGGRESSIVE;
				CLANG_CXX_LANGUAGE_STANDARD = "gnu++20";
				CLANG_ENABLE_MODULES = YES;
				CLANG_ENABLE_OBJC_ARC = YES;
				CLANG_ENABLE_OBJC_WEAK = YES;
				CLANG_WARN_BLOCK_CAPTURE_AUTORELEASING = YES;
				CLANG_WARN_BOOL_CONVERSION = YES;
				CLANG_WARN_COMMA = YES;
				CLANG_WARN_CONSTANT_CONVERSION = YES;
				CLANG_WARN_DEPRECATED_OBJC_IMPLEMENTATIONS = YES;
				CLANG_WARN_DIRECT_OBJC_ISA_USAGE = YES_ERROR;
				CLANG_WARN_DOCUMENTATION_COMMENTS = YES;
				CLANG_WARN_EMPTY_BODY = YES;
				CLANG_WARN_ENUM_CONVERSION = YES;
				CLANG_WARN_INFINITE_RECURSION = YES;
				CLANG_WARN_INT_CONVERSION = YES;
				CLANG_WARN_NON_LITERAL_NULL_CONVERSION = YES;
				CLANG_WARN_OBJC_IMPLICIT_RETAIN_SELF = YES;
				CLANG_WARN_OBJC_LITERAL_CONVERSION = YES;
				CLANG_WARN_OBJC_ROOT_CLASS = YES_ERROR;
				CLANG_WARN_QUOTED_INCLUDE_IN_FRAMEWORK_HEADER = YES;
				CLANG_WARN_RANGE_LOOP_ANALYSIS = YES;
				CLANG_WARN_STRICT_PROTOTYPES = YES;
				CLANG_WARN_SUSPICIOUS_MOVE = YES;
				CLANG_WARN_UNGUARDED_AVAILABILITY = YES_AGGRESSIVE;
				CLANG_WARN_UNREACHABLE_CODE = YES;
				CLANG_WARN__DUPLICATE_METHOD_MATCH = YES;
				COPY_PHASE_STRIP = NO;
				DEBUG_INFORMATION_FORMAT = dwarf;
				ENABLE_STRICT_OBJC_MSGSEND = YES;
				ENABLE_TESTABILITY = YES;
				GCC_C_LANGUAGE_STANDARD = gnu17;
				GCC_DYNAMIC_NO_PIC = NO;
				GCC_NO_COMMON_BLOCKS = YES;
				GCC_OPTIMIZATION_LEVEL = 0;
				GCC_PREPROCESSOR_DEFINITIONS = (
					"DEBUG=1",
					"$(inherited)",
				);
				GCC_WARN_64_TO_32_BIT_CONVERSION = YES;
				GCC_WARN_ABOUT_RETURN_TYPE = YES_ERROR;
				GCC_WARN_UNDECLARED_SELECTOR = YES;
				GCC_WARN_UNINITIALIZED_AUTOS = YES_AGGRESSIVE;
				GCC_WARN_UNUSED_FUNCTION = YES;
				GCC_WARN_UNUSED_VARIABLE = YES;
				GENERATE_INFOPLIST_FILE = YES;
				INFOPLIST_KEY_UIApplicationSceneManifest_Generation = YES;
				INFOPLIST_KEY_UIApplicationSupportsIndirectInputEvents = YES;
				INFOPLIST_KEY_UILaunchScreen_Generation = YES;
				INFOPLIST_KEY_UISupportedInterfaceOrientations_iPad = "UIInterfaceOrientationPortrait UIInterfaceOrientationPortraitUpsideDown UIInterfaceOrientationLandscapeLeft UIInterfaceOrientationLandscapeRight";
				INFOPLIST_KEY_UISupportedInterfaceOrientations_iPhone = "UIInterfaceOrientationPortrait UIInterfaceOrientationLandscapeLeft UIInterfaceOrientationLandscapeRight";
				MTL_ENABLE_DEBUG_INFO = INCLUDE_SOURCE;
				MTL_FAST_MATH = YES;
				ONLY_ACTIVE_ARCH = YES;
				SWIFT_ACTIVE_COMPILATION_CONDITIONS = "DEBUG $(inherited)";
				SWIFT_EMIT_LOC_STRINGS = YES;
				SWIFT_OPTIMIZATION_LEVEL = "-Onone";
				SWIFT_VERSION = 5.0;
			};
			name = Debug;
		};
		62576BC68B3444C8A5D47DE8 /* Release */ = {
			isa = XCBuildConfiguration;
			buildSettings = {

				ALWAYS_SEARCH_USER_PATHS = NO;
				ASSETCATALOG_COMPILER_APPICON_NAME = AppIcon;
				ASSETCATALOG_COMPILER_GLOBAL_ACCENT_COLOR_NAME = AccentColor;
				CLANG_ANALYZER_NONNULL = YES;
				CLANG_ANALYZER_NUMBER_OBJECT_CONVERSION = YES_AGGRESSIVE;
				CLANG_CXX_LANGUAGE_STANDARD = "gnu++20";
				CLANG_ENABLE_MODULES = YES;
				CLANG_ENABLE_OBJC_ARC = YES;
				CLANG_ENABLE_OBJC_WEAK = YES;
				CLANG_WARN_BLOCK_CAPTURE_AUTORELEASING = YES;
				CLANG_WARN_BOOL_CONVERSION = YES;
				CLANG_WARN_COMMA = YES;
				CLANG_WARN_CONSTANT_CONVERSION = YES;
				CLANG_WARN_DEPRECATED_OBJC_IMPLEMENTATIONS = YES;
				CLANG_WARN_DIRECT_OBJC_ISA_USAGE = YES_ERROR;
				CLANG_WARN_DOCUMENTATION_COMMENTS = YES;
				CLANG_WARN_EMPTY_BODY = YES;
				CLANG_WARN_ENUM_CONVERSION = YES;
				CLANG_WARN_INFINITE_RECURSION = YES;
				CLANG_WARN_INT_CONVERSION = YES;
				CLANG_WARN_NON_LITERAL_NULL_CONVERSION = YES;
				CLANG_WARN_OBJC_IMPLICIT_RETAIN_SELF = YES;
				CLANG_WARN_OBJC_LITERAL_CONVERSION = YES;
				CLANG_WARN_OBJC_ROOT_CLASS = YES_ERROR;
				CLANG_WARN_QUOTED_INCLUDE_IN_FRAMEWORK_HEADER = YES;
				CLANG_WARN_RANGE_LOOP_ANALYSIS = YES;
				CLANG_WARN_STRICT_PROTOTYPES = YES;
				CLANG_WARN_SUSPICIOUS_MOVE = YES;
				CLANG_WARN_UNGUARDED_AVAILABILITY = YES_AGGRESSIVE;
				CLANG_WARN_UNREACHABLE_CODE = YES;
				CLANG_WARN__DUPLICATE_METHOD_MATCH = YES;
				DEBUG_INFORMATION_FORMAT = "dwarf-with-dsym";
				ENABLE_STRICT_OBJC_MSGSEND = YES;
				GCC_C_LANGUAGE_STANDARD = gnu17;
				GCC_DYNAMIC_NO_PIC = NO;
				GCC_NO_COMMON_BLOCKS = YES;
				GCC_WARN_64_TO_32_BIT_CONVERSION = YES;
				GCC_WARN_ABOUT_RETURN_TYPE = YES_ERROR;
				GCC_WARN_UNDECLARED_SELECTOR = YES;
				GCC_WARN_UNINITIALIZED_AUTOS = YES_AGGRESSIVE;
				GCC_WARN_UNUSED_FUNCTION = YES;
				GCC_WARN_UNUSED_VARIABLE = YES;
				GENERATE_INFOPLIST_FILE = YES;
				INFOPLIST_KEY_UIApplicationSceneManifest_Generation = YES;
				INFOPLIST_KEY_UIApplicationSupportsIndirectInputEvents = YES;
				INFOPLIST_KEY_UILaunchScreen_Generation = YES;
				INFOPLIST_KEY_UISupportedInterfaceOrientations_iPad = "UIInterfaceOrientationPortrait UIInterfaceOrientationPortraitUpsideDown UIInterfaceOrientationLandscapeLeft UIInterfaceOrientationLandscapeRight";
				INFOPLIST_KEY_UISupportedInterfaceOrientations_iPhone = "UIInterfaceOrientationPortrait UIInterfaceOrientationLandscapeLeft UIInterfaceOrientationLandscapeRight";
				MTL_ENABLE_DEBUG_INFO = INCLUDE_SOURCE;
				MTL_FAST_MATH = YES;
				ONLY_ACTIVE_ARCH = NO;
				VALIDATE_PRODUCT = YES;
				SWIFT_EMIT_LOC_STRINGS = YES;
				SWIFT_VERSION = 5.0;
			};
			name = Release;
		};
		365360CEBBE7454FAC2ED770 /* Debug */ = {
			isa = XCBuildConfiguration;
			buildSettings = {

				ASSETCATALOG_COMPILER_APPICON_NAME = AppIcon;
				ASSETCATALOG_COMPILER_GLOBAL_ACCENT_COLOR_NAME = AccentColor;
				CODE_SIGN_STYLE = Automatic;
				DEVELOPMENT_TEAM = Q5SQT5K24A;
				CURRENT_PROJECT_VERSION = 1;
				DEVELOPMENT_ASSET_PATHS = "";
				ENABLE_PREVIEWS = YES;
				GENERATE_INFOPLIST_FILE = YES;
				INFOPLIST_KEY_CFBundleDisplayName = Oversight;
				INFOPLIST_KEY_LSApplicationCategoryType = "public.app-category.business";
				INFOPLIST_KEY_NSCameraUsageDescription = "Oversight uses the camera to photograph site conditions for daily field log entries.";
				INFOPLIST_KEY_NSHumanReadableCopyright = "";
				INFOPLIST_KEY_NSPhotoLibraryUsageDescription = "Oversight accesses your photos to attach site documentation to daily log entries.";
				IPHONEOS_DEPLOYMENT_TARGET = 17.0;
				MACOSX_DEPLOYMENT_TARGET = 14.0;
				MARKETING_VERSION = 1.0;
				PRODUCT_BUNDLE_IDENTIFIER = com.facs.oversight;
				PRODUCT_NAME = "$(TARGET_NAME)";
				SDKROOT = auto;
				SUPPORTED_PLATFORMS = "iphoneos iphonesimulator macosx";
				SUPPORTS_MACCATALYST = NO;
				SUPPORTS_MAC_DESIGNED_FOR_IPHONE_IPAD = NO;
				SWIFT_EMIT_LOC_STRINGS = YES;
				SWIFT_VERSION = 5.0;
				TARGETED_DEVICE_FAMILY = "1,2";
			};
			name = Debug;
		};
		E52A4E888B8448F2A9C83EE6 /* Release */ = {
			isa = XCBuildConfiguration;
			buildSettings = {

				ASSETCATALOG_COMPILER_APPICON_NAME = AppIcon;
				ASSETCATALOG_COMPILER_GLOBAL_ACCENT_COLOR_NAME = AccentColor;
				CODE_SIGN_STYLE = Automatic;
				DEVELOPMENT_TEAM = Q5SQT5K24A;
				CURRENT_PROJECT_VERSION = 1;
				DEVELOPMENT_ASSET_PATHS = "";
				ENABLE_PREVIEWS = YES;
				GENERATE_INFOPLIST_FILE = YES;
				INFOPLIST_KEY_CFBundleDisplayName = Oversight;
				INFOPLIST_KEY_LSApplicationCategoryType = "public.app-category.business";
				INFOPLIST_KEY_NSCameraUsageDescription = "Oversight uses the camera to photograph site conditions for daily field log entries.";
				INFOPLIST_KEY_NSHumanReadableCopyright = "";
				INFOPLIST_KEY_NSPhotoLibraryUsageDescription = "Oversight accesses your photos to attach site documentation to daily log entries.";
				IPHONEOS_DEPLOYMENT_TARGET = 17.0;
				MACOSX_DEPLOYMENT_TARGET = 14.0;
				MARKETING_VERSION = 1.0;
				PRODUCT_BUNDLE_IDENTIFIER = com.facs.oversight;
				PRODUCT_NAME = "$(TARGET_NAME)";
				SDKROOT = auto;
				SUPPORTED_PLATFORMS = "iphoneos iphonesimulator macosx";
				SUPPORTS_MACCATALYST = NO;
				SUPPORTS_MAC_DESIGNED_FOR_IPHONE_IPAD = NO;
				SWIFT_EMIT_LOC_STRINGS = YES;
				SWIFT_VERSION = 5.0;
				TARGETED_DEVICE_FAMILY = "1,2";
			};
			name = Release;
		};
/* End XCBuildConfiguration section */

/* Begin XCConfigurationList section */
		09DA409B702E470F91BBC28D /* Build configuration list for PBXProject "Oversight" */ = {
			isa = XCConfigurationList;
			buildConfigurations = (
				2D7B51E9BB8E407E818E44CF /* Debug */,
				62576BC68B3444C8A5D47DE8 /* Release */,
			);
			defaultConfigurationIsVisible = 0;
			defaultConfigurationName = Release;
		};
		3D81A43B1052457198EDC92C /* Build configuration list for PBXNativeTarget "Oversight" */ = {
			isa = XCConfigurationList;
			buildConfigurations = (
				365360CEBBE7454FAC2ED770 /* Debug */,
				E52A4E888B8448F2A9C83EE6 /* Release */,
			);
			defaultConfigurationIsVisible = 0;
			defaultConfigurationName = Release;
		};
/* End XCConfigurationList section */
	};
	rootObject = E21CDF44A81A4D2384DEF11B /* Project object */;
}
